
Microsoft Visual Studio Solution File, Format Version 12.00
# Visual Studio 15
VisualStudioVersion = 15.0.28010.2041
MinimumVisualStudioVersion = 10.0.40219.1
Project("{FAE04EC0-301F-11D3-BF4B-00C04F79EFBC}") = "TrafficJamPuzzle", "Traffic Jam Puzzle\TrafficJamPuzzle.csproj", "{D85843AF-5173-477E-AC73-F49AA4211A3D}"
EndProject
Global
	GlobalSection(SolutionConfigurationPlatforms) = preSolution
		Debug|Any CPU = Debug|Any CPU
		Release|Any CPU = Release|Any CPU
	EndGlobalSection
	GlobalSection(ProjectConfigurationPlatforms) = postSolution
		{D85843AF-5173-477E-AC73-F49AA4211A3D}.Debug|Any CPU.ActiveCfg = Debug|Any CPU
		{D85843AF-5173-477E-AC73-F49AA4211A3D}.Debug|Any CPU.Build.0 = Debug|Any CPU
		{D85843AF-5173-477E-AC73-F49AA4211A3D}.Release|Any CPU.ActiveCfg = Release|Any CPU
		{D85843AF-5173-477E-AC73-F49AA4211A3D}.Release|Any CPU.Build.0 = Release|Any CPU
	EndGlobalSection
	GlobalSection(SolutionProperties) = preSolution
		HideSolutionNode = FALSE
	EndGlobalSection
	GlobalSection(ExtensibilityGlobals) = postSolution
		SolutionGuid = {4803DA0F-6061-4FFB-8657-9BB4C3F242E4}
	EndGlobalSection
EndGlobal
